// !$*UTF8*$!
{
	archiveVersion = 1;
	classes = {
	};
	objectVersion = 50;
	objects = {

/* Begin PBXBuildFile section */
		C650A14521915CC500D7831B /* ViewControllerTwo.swift in Sources */ = {isa = PBXBuildFile; fileRef = C650A14421915CC500D7831B /* ViewControllerTwo.swift */; };
		C650A14721915F9700D7831B /* ViewControllerThree.swift in Sources */ = {isa = PBXBuildFile; fileRef = C650A14621915F9700D7831B /* ViewControllerThree.swift */; };
		C650A149219168D700D7831B /* ViewControllerFour.swift in Sources */ = {isa = PBXBuildFile; fileRef = C650A148219168D700D7831B /* ViewControllerFour.swift */; };
		C6DDD11F2182760A00C51380 /* AppDelegate.swift in Sources */ = {isa = PBXBuildFile; fileRef = C6DDD11E2182760A00C51380 /* AppDelegate.swift */; };
		C6DDD1212182760A00C51380 /* ViewController.swift in Sources */ = {isa = PBXBuildFile; fileRef = C6DDD1202182760A00C51380 /* ViewController.swift */; };
		C6DDD1242182760A00C51380 /* Main.storyboard in Resources */ = {isa = PBXBuildFile; fileRef = C6DDD1222182760A00C51380 /* Main.storyboard */; };
		C6DDD1262182760B00C51380 /* Assets.xcassets in Resources */ = {isa = PBXBuildFile; fileRef = C6DDD1252182760B00C51380 /* Assets.xcassets */; };
		C6DDD1292182760B00C51380 /* LaunchScreen.storyboard in Resources */ = {isa = PBXBuildFile; fileRef = C6DDD1272182760B00C51380 /* LaunchScreen.storyboard */; };
/* End PBXBuildFile section */

/* Begin PBXFileReference section */
		C650A14421915CC500D7831B /* ViewControllerTwo.swift */ = {isa = PBXFileReference; lastKnownFileType = sourcecode.swift; path = ViewControllerTwo.swift; sourceTree = "<group>"; };
		C650A14621915F9700D7831B /* ViewControllerThree.swift */ = {isa = PBXFileReference; lastKnownFileType = sourcecode.swift; path = ViewControllerThree.swift; sourceTree = "<group>"; };
		C650A148219168D700D7831B /* ViewControllerFour.swift */ = {isa = PBXFileReference; lastKnownFileType = sourcecode.swift; path = ViewControllerFour.swift; sourceTree = "<group>"; };
		C6DDD11B2182760A00C51380 /* Autolayout_Challenges.app */ = {isa = PBXFileReference; explicitFileType = wrapper.application; includeInIndex = 0; path = Autolayout_Challenges.app; sourceTree = BUILT_PRODUCTS_DIR; };
		C6DDD11E2182760A00C51380 /* AppDelegate.swift */ = {isa = PBXFileReference; lastKnownFileType = sourcecode.swift; path = AppDelegate.swift; sourceTree = "<group>"; };
		C6DDD1202182760A00C51380 /* ViewController.swift */ = {isa = PBXFileReference; lastKnownFileType = sourcecode.swift; path = ViewController.swift; sourceTree = "<group>"; };
		C6DDD1232182760A00C51380 /* Base */ = {isa = PBXFileReference; lastKnownFileType = file.storyboard; name = Base; path = Base.lproj/Main.storyboard; sourceTree = "<group>"; };
		C6DDD1252182760B00C51380 /* Assets.xcassets */ = {isa = PBXFileReference; lastKnownFileType = folder.assetcatalog; path = Assets.xcassets; sourceTree = "<group>"; };
		C6DDD1282182760B00C51380 /* Base */ = {isa = PBXFileReference; lastKnownFileType = file.storyboard; name = Base; path = Base.lproj/LaunchScreen.storyboard; sourceTree = "<group>"; };
		C6DDD12A2182760B00C51380 /* Info.plist */ = {isa = PBXFileReference; lastKnownFileType = text.plist.xml; path = Info.plist; sourceTree = "<group>"; };
/* End PBXFileReference section */

/* Begin PBXFrameworksBuildPhase section */
		C6DDD1182182760A00C51380 /* Frameworks */ = {
			isa = PBXFrameworksBuildPhase;
			buildActionMask = 2147483647;
			files = (
			);
			runOnlyForDeploymentPostprocessing = 0;
		};
/* End PBXFrameworksBuildPhase section */

/* Begin PBXGroup section */
		C6DDD1122182760A00C51380 = {
			isa = PBXGroup;
			children = (
				C6DDD11D2182760A00C51380 /* Autolayout_Challenges */,
				C6DDD11C2182760A00C51380 /* Products */,
			);
			sourceTree = "<group>";
		};
		C6DDD11C2182760A00C51380 /* Products */ = {
			isa = PBXGroup;
			children = (
				C6DDD11B2182760A00C51380 /* Autolayout_Challenges.app */,
			);
			name = Products;
			sourceTree = "<group>";
		};
		C6DDD11D2182760A00C51380 /* Autolayout_Challenges */ = {
			isa = PBXGroup;
			children = (
				C6DDD11E2182760A00C51380 /* AppDelegate.swift */,
				C6DDD1202182760A00C51380 /* ViewController.swift */,
				C6DDD1222182760A00C51380 /* Main.storyboard */,
				C6DDD1252182760B00C51380 /* Assets.xcassets */,
				C6DDD1272182760B00C51380 /* LaunchScreen.storyboard */,
				C6DDD12A2182760B00C51380 /* Info.plist */,
				C650A14421915CC500D7831B /* ViewControllerTwo.swift */,
				C650A14621915F9700D7831B /* ViewControllerThree.swift */,
				C650A148219168D700D7831B /* ViewControllerFour.swift */,
			);
			path = Autolayout_Challenges;
			sourceTree = "<group>";
		};
/* End PBXGroup section */

/* Begin PBXNativeTarget section */
		C6DDD11A2182760A00C51380 /* Autolayout_Challenges */ = {
			isa = PBXNativeTarget;
			buildConfigurationList = C6DDD12D2182760B00C51380 /* Build configuration list for PBXNativeTarget "Autolayout_Challenges" */;
			buildPhases = (
				C6DDD1172182760A00C51380 /* Sources */,
				C6DDD1182182760A00C51380 /* Frameworks */,
				C6DDD1192182760A00C51380 /* Resources */,
			);
			buildRules = (
			);
			dependencies = (
			);
			name = Autolayout_Challenges;
			productName = Autolayout_Challenges;
			productReference = C6DDD11B2182760A00C51380 /* Autolayout_Challenges.app */;
			productType = "com.apple.product-type.application";
		};
/* End PBXNativeTarget section */

/* Begin PBXProject section */
		C6DDD1132182760A00C51380 /* Project object */ = {
			isa = PBXProject;
			attributes = {
				LastSwiftUpdateCheck = 1000;
				LastUpgradeCheck = 1000;
				ORGANIZATIONNAME = "Cherish Kim";
				TargetAttributes = {
					C6DDD11A2182760A00C51380 = {
						CreatedOnToolsVersion = 10.0;
					};
				};
			};
			buildConfigurationList = C6DDD1162182760A00C51380 /* Build configuration list for PBXProject "Autolayout_Challenges" */;
			compatibilityVersion = "Xcode 9.3";
			developmentRegion = en;
			hasScannedForEncodings = 0;
			knownRegions = (
				en,
				Base,
			);
			mainGroup = C6DDD1122182760A00C51380;
			productRefGroup = C6DDD11C2182760A00C51380 /* Products */;
			projectDirPath = "";
			projectRoot = "";
			targets = (
				C6DDD11A2182760A00C51380 /* Autolayout_Challenges */,
			);
		};
/* End PBXProject section */

/* Begin PBXResourcesBuildPhase section */
		C6DDD1192182760A00C51380 /* Resources */ = {
			isa = PBXResourcesBuildPhase;
			buildActionMask = 2147483647;
			files = (
				C6DDD1292182760B00C51380 /* LaunchScreen.storyboard in Resources */,
				C6DDD1262182760B00C51380 /* Assets.xcassets in Resources */,
				C6DDD1242182760A00C51380 /* Main.storyboard in Resources */,
			);
			runOnlyForDeploymentPostprocessing = 0;
		};
/* End PBXResourcesBuildPhase section */

/* Begin PBXSourcesBuildPhase section */
		C6DDD1172182760A00C51380 /* Sources */ = {
			isa = PBXSourcesBuildPhase;
			buildActionMask = 2147483647;
			files = (
				C6DDD1212182760A00C51380 /* ViewController.swift in Sources */,
				C6DDD11F2182760A00C51380 /* AppDelegate.swift in Sources */,
				C650A149219168D700D7831B /* ViewControllerFour.swift in Sources */,
				C650A14521915CC500D7831B /* ViewControllerTwo.swift in Sources */,
				C650A14721915F9700D7831B /* ViewControllerThree.swift in Sources */,
			);
			runOnlyForDeploymentPostprocessing = 0;
		};
/* End PBXSourcesBuildPhase section */

/* Begin PBXVariantGroup section */
		C6DDD1222182760A00C51380 /* Main.storyboard */ = {
			isa = PBXVariantGroup;
			children = (
				C6DDD1232182760A00C51380 /* Base */,
			);
			name = Main.storyboard;
			sourceTree = "<group>";
		};
		C6DDD1272182760B00C51380 /* LaunchScreen.storyboard */ = {
			isa = PBXVariantGroup;
			children = (
				C6DDD1282182760B00C51380 /* Base */,
			);
			name = LaunchScreen.storyboard;
			sourceTree = "<group>";
		};
/* End PBXVariantGroup section */

/* Begin XCBuildConfiguration section */
		C6DDD12B2182760B00C51380 /* Debug */ = {
			isa = XCBuildConfiguration;
			buildSettings = {
				ALWAYS_SEARCH_USER_PATHS = NO;
				CLANG_ANALYZER_NONNULL = YES;
				CLANG_ANALYZER_NUMBER_OBJECT_CONVERSION = YES_AGGRESSIVE;
				CLANG_CXX_LANGUAGE_STANDARD = "gnu++14";
				CLANG_CXX_LIBRARY = "libc++";
				CLANG_ENABLE_MODULES = YES;
				CLANG_ENABLE_OBJC_ARC = YES;
				CLANG_ENABLE_OBJC_WEAK = YES;
				CLANG_WARN_BLOCK_CAPTURE_AUTORELEASING = YES;
				CLANG_WARN_BOOL_CONVERSION = YES;
				CLANG_WARN_COMMA = YES;
				CLANG_WARN_CONSTANT_CONVERSION = YES;
				CLANG_WARN_DEPRECATED_OBJC_IMPLEMENTATIONS = YES;
				CLANG_WARN_DIRECT_OBJC_ISA_USAGE = YES_ERROR;
				CLANG_WARN_DOCUMENTATION_COMMENTS = YES;
				CLANG_WARN_EMPTY_BODY = YES;
				CLANG_WARN_ENUM_CONVERSION = YES;
				CLANG_WARN_INFINITE_RECURSION = YES;
				CLANG_WARN_INT_CONVERSION = YES;
				CLANG_WARN_NON_LITERAL_NULL_CONVERSION = YES;
				CLANG_WARN_OBJC_IMPLICIT_RETAIN_SELF = YES;
				CLANG_WARN_OBJC_LITERAL_CONVERSION = YES;
				CLANG_WARN_OBJC_ROOT_CLASS = YES_ERROR;
				CLANG_WARN_RANGE_LOOP_ANALYSIS = YES;
				CLANG_WARN_STRICT_PROTOTYPES = YES;
				CLANG_WARN_SUSPICIOUS_MOVE = YES;
				CLANG_WARN_UNGUARDED_AVAILABILITY = YES_AGGRESSIVE;
				CLANG_WARN_UNREACHABLE_CODE = YES;
				CLANG_WARN__DUPLICATE_METHOD_MATCH = YES;
				CODE_SIGN_IDENTITY = "iPhone Developer";
				COPY_PHASE_STRIP = NO;
				DEBUG_INFORMATION_FORMAT = dwarf;
				ENABLE_STRICT_OBJC_MSGSEND = YES;
				ENABLE_TESTABILITY = YES;
				GCC_C_LANGUAGE_STANDARD = gnu11;
				GCC_DYNAMIC_NO_PIC = NO;
				GCC_NO_COMMON_BLOCKS = YES;
				GCC_OPTIMIZATION_LEVEL = 0;
				GCC_PREPROCESSOR_DEFINITIONS = (
					"DEBUG=1",
					"$(inherited)",
				);
				GCC_WARN_64_TO_32_BIT_CONVERSION = YES;
				GCC_WARN_ABOUT_RETURN_TYPE = YES_ERROR;
				GCC_WARN_UNDECLARED_SELECTOR = YES;
				GCC_WARN_UNINITIALIZED_AUTOS = YES_AGGRESSIVE;
				GCC_WARN_UNUSED_FUNCTION = YES;
				GCC_WARN_UNUSED_VARIABLE = YES;
				IPHONEOS_DEPLOYMENT_TARGET = 12.0;
				MTL_ENABLE_DEBUG_INFO = INCLUDE_SOURCE;
				MTL_FAST_MATH = YES;
				ONLY_ACTIVE_ARCH = YES;
				SDKROOT = iphoneos;
				SWIFT_ACTIVE_COMPILATION_CONDITIONS = DEBUG;
				SWIFT_OPTIMIZATION_LEVEL = "-Onone";
			};
			name = Debug;
		};
		C6DDD12C2182760B00C51380 /* Release */ = {
			isa = XCBuildConfiguration;
			buildSettings = {
				ALWAYS_SEARCH_USER_PATHS = NO;
				CLANG_ANALYZER_NONNULL = YES;
				CLANG_ANALYZER_NUMBER_OBJECT_CONVERSION = YES_AGGRESSIVE;
				CLANG_CXX_LANGUAGE_STANDARD = "gnu++14";
				CLANG_CXX_LIBRARY = "libc++";
				CLANG_ENABLE_MODULES = YES;
				CLANG_ENABLE_OBJC_ARC = YES;
				CLANG_ENABLE_OBJC_WEAK = YES;
				CLANG_WARN_BLOCK_CAPTURE_AUTORELEASING = YES;
				CLANG_WARN_BOOL_CONVERSION = YES;
				CLANG_WARN_COMMA = YES;
				CLANG_WARN_CONSTANT_CONVERSION = YES;
				CLANG_WARN_DEPRECATED_OBJC_IMPLEMENTATIONS = YES;
				CLANG_WARN_DIRECT_OBJC_ISA_USAGE = YES_ERROR;
				CLANG_WARN_DOCUMENTATION_COMMENTS = YES;
				CLANG_WARN_EMPTY_BODY = YES;
				CLANG_WARN_ENUM_CONVERSION = YES;
				CLANG_WARN_INFINITE_RECURSION = YES;
				CLANG_WARN_INT_CONVERSION = YES;
				CLANG_WARN_NON_LITERAL_NULL_CONVERSION = YES;
				CLANG_WARN_OBJC_IMPLICIT_RETAIN_SELF = YES;
				CLANG_WARN_OBJC_LITERAL_CONVERSION = YES;
				CLANG_WARN_OBJC_ROOT_CLASS = YES_ERROR;
				CLANG_WARN_RANGE_LOOP_ANALYSIS = YES;
				CLANG_WARN_STRICT_PROTOTYPES = YES;
				CLANG_WARN_SUSPICIOUS_MOVE = YES;
				CLANG_WARN_UNGUARDED_AVAILABILITY = YES_AGGRESSIVE;
				CLANG_WARN_UNREACHABLE_CODE = YES;
				CLANG_WARN__DUPLICATE_METHOD_MATCH = YES;
				CODE_SIGN_IDENTITY = "iPhone Developer";
				COPY_PHASE_STRIP = NO;
				DEBUG_INFORMATION_FORMAT = "dwarf-with-dsym";
				ENABLE_NS_ASSERTIONS = NO;
				ENABLE_STRICT_OBJC_MSGSEND = YES;
				GCC_C_LANGUAGE_STANDARD = gnu11;
				GCC_NO_COMMON_BLOCKS = YES;
				GCC_WARN_64_TO_32_BIT_CONVERSION = YES;
				GCC_WARN_ABOUT_RETURN_TYPE = YES_ERROR;
				GCC_WARN_UNDECLARED_SELECTOR = YES;
				GCC_WARN_UNINITIALIZED_AUTOS = YES_AGGRESSIVE;
				GCC_WARN_UNUSED_FUNCTION = YES;
				GCC_WARN_UNUSED_VARIABLE = YES;
				IPHONEOS_DEPLOYMENT_TARGET = 12.0;
				MTL_ENABLE_DEBUG_INFO = NO;
				MTL_FAST_MATH = YES;
				SDKROOT = iphoneos;
				SWIFT_COMPILATION_MODE = wholemodule;
				SWIFT_OPTIMIZATION_LEVEL = "-O";
				VALIDATE_PRODUCT = YES;
			};
			name = Release;
		};
		C6DDD12E2182760B00C51380 /* Debug */ = {
			isa = XCBuildConfiguration;
			buildSettings = {
				ASSETCATALOG_COMPILER_APPICON_NAME = AppIcon;
				CODE_SIGN_STYLE = Automatic;
				DEVELOPMENT_TEAM = 4N43GLU252;
				INFOPLIST_FILE = Autolayout_Challenges/Info.plist;
				LD_RUNPATH_SEARCH_PATHS = (
					"$(inherited)",
					"@executable_path/Frameworks",
				);
				PRODUCT_BUNDLE_IDENTIFIER = "Cherish-Kim.Autolayout-Challenges";
				PRODUCT_NAME = "$(TARGET_NAME)";
				SWIFT_VERSION = 4.2;
				TARGETED_DEVICE_FAMILY = "1,2";
			};
			name = Debug;
		};
		C6DDD12F2182760B00C51380 /* Release */ = {
			isa = XCBuildConfiguration;
			buildSettings = {
				ASSETCATALOG_COMPILER_APPICON_NAME = AppIcon;
				CODE_SIGN_STYLE = Automatic;
				DEVELOPMENT_TEAM = 4N43GLU252;
				INFOPLIST_FILE = Autolayout_Challenges/Info.plist;
				LD_RUNPATH_SEARCH_PATHS = (
					"$(inherited)",
					"@executable_path/Frameworks",
				);
				PRODUCT_BUNDLE_IDENTIFIER = "Cherish-Kim.Autolayout-Challenges";
				PRODUCT_NAME = "$(TARGET_NAME)";
				SWIFT_VERSION = 4.2;
				TARGETED_DEVICE_FAMILY = "1,2";
			};
			name = Release;
		};
/* End XCBuildConfiguration section */

/* Begin XCConfigurationList section */
		C6DDD1162182760A00C51380 /* Build configuration list for PBXProject "Autolayout_Challenges" */ = {
			isa = XCConfigurationList;
			buildConfigurations = (
				C6DDD12B2182760B00C51380 /* Debug */,
				C6DDD12C2182760B00C51380 /* Release */,
			);
			defaultConfigurationIsVisible = 0;
			defaultConfigurationName = Release;
		};
		C6DDD12D2182760B00C51380 /* Build configuration list for PBXNativeTarget "Autolayout_Challenges" */ = {
			isa = XCConfigurationList;
			buildConfigurations = (
				C6DDD12E2182760B00C51380 /* Debug */,
				C6DDD12F2182760B00C51380 /* Release */,
			);
			defaultConfigurationIsVisible = 0;
			defaultConfigurationName = Release;
		};
/* End XCConfigurationList section */
	};
	rootObject = C6DDD1132182760A00C51380 /* Project object */;
}
